
Microsoft Visual Studio Solution File, Format Version 10.00
# Visual Studio 2008
Project("{8BC9CEB8-8B4A-11D0-8D11-00A0C91BC942}") = "Rock3dGame", "Rock3dGame\Rock3dGame.vcproj", "{92455CFE-558A-4A03-B557-17B514692ECB}"
	ProjectSection(ProjectDependencies) = postProject
		{E42AA766-6DE0-4EC8-B673-9984A3DE64D5} = {E42AA766-6DE0-4EC8-B673-9984A3DE64D5}
		{E898EAA7-F30C-46D1-A12A-5DD41F285046} = {E898EAA7-F30C-46D1-A12A-5DD41F285046}
		{5B204CC0-A877-4388-B2C1-7F5E69242305} = {5B204CC0-A877-4388-B2C1-7F5E69242305}
	EndProjectSection
EndProject
Project("{8BC9CEB8-8B4A-11D0-8D11-00A0C91BC942}") = "MapEditor", "MapEditor\MapEditor.vcproj", "{46AD4B7F-96B2-451B-96F2-2EC82ED84DE4}"
	ProjectSection(ProjectDependencies) = postProject
		{E42AA766-6DE0-4EC8-B673-9984A3DE64D5} = {E42AA766-6DE0-4EC8-B673-9984A3DE64D5}
		{E898EAA7-F30C-46D1-A12A-5DD41F285046} = {E898EAA7-F30C-46D1-A12A-5DD41F285046}
		{5B204CC0-A877-4388-B2C1-7F5E69242305} = {5B204CC0-A877-4388-B2C1-7F5E69242305}
		{92455CFE-558A-4A03-B557-17B514692ECB} = {92455CFE-558A-4A03-B557-17B514692ECB}
	EndProjectSection
EndProject
Project("{8BC9CEB8-8B4A-11D0-8D11-00A0C91BC942}") = "Rock3dEngine", "Rock3dEngine\Rock3dEngine.vcproj", "{5B204CC0-A877-4388-B2C1-7F5E69242305}"
	ProjectSection(ProjectDependencies) = postProject
		{E898EAA7-F30C-46D1-A12A-5DD41F285046} = {E898EAA7-F30C-46D1-A12A-5DD41F285046}
	EndProjectSection
EndProject
Project("{8BC9CEB8-8B4A-11D0-8D11-00A0C91BC942}") = "RRR3d", "RRR3d\RRR3d.vcproj", "{C8E97297-8D2C-4252-A11E-B936E2D40F2D}"
	ProjectSection(ProjectDependencies) = postProject
		{E42AA766-6DE0-4EC8-B673-9984A3DE64D5} = {E42AA766-6DE0-4EC8-B673-9984A3DE64D5}
		{E898EAA7-F30C-46D1-A12A-5DD41F285046} = {E898EAA7-F30C-46D1-A12A-5DD41F285046}
		{5B204CC0-A877-4388-B2C1-7F5E69242305} = {5B204CC0-A877-4388-B2C1-7F5E69242305}
		{92455CFE-558A-4A03-B557-17B514692ECB} = {92455CFE-558A-4A03-B557-17B514692ECB}
	EndProjectSection
EndProject
Project("{8BC9CEB8-8B4A-11D0-8D11-00A0C91BC942}") = "LexStd", "LexStd\LexStd.vcproj", "{E898EAA7-F30C-46D1-A12A-5DD41F285046}"
EndProject
Project("{8BC9CEB8-8B4A-11D0-8D11-00A0C91BC942}") = "NetLib", "NetLib\NetLib.vcproj", "{E42AA766-6DE0-4EC8-B673-9984A3DE64D5}"
	ProjectSection(ProjectDependencies) = postProject
		{E898EAA7-F30C-46D1-A12A-5DD41F285046} = {E898EAA7-F30C-46D1-A12A-5DD41F285046}
	EndProjectSection
EndProject
Global
	GlobalSection(SolutionConfigurationPlatforms) = preSolution
		Debug|Win32 = Debug|Win32
		Release|Win32 = Release|Win32
	EndGlobalSection
	GlobalSection(ProjectConfigurationPlatforms) = postSolution
		{92455CFE-558A-4A03-B557-17B514692ECB}.Debug|Win32.ActiveCfg = Debug|Win32
		{92455CFE-558A-4A03-B557-17B514692ECB}.Debug|Win32.Build.0 = Debug|Win32
		{92455CFE-558A-4A03-B557-17B514692ECB}.Release|Win32.ActiveCfg = Release|Win32
		{92455CFE-558A-4A03-B557-17B514692ECB}.Release|Win32.Build.0 = Release|Win32
		{46AD4B7F-96B2-451B-96F2-2EC82ED84DE4}.Debug|Win32.ActiveCfg = Debug|Win32
		{46AD4B7F-96B2-451B-96F2-2EC82ED84DE4}.Debug|Win32.Build.0 = Debug|Win32
		{46AD4B7F-96B2-451B-96F2-2EC82ED84DE4}.Release|Win32.ActiveCfg = Release|Win32
		{46AD4B7F-96B2-451B-96F2-2EC82ED84DE4}.Release|Win32.Build.0 = Release|Win32
		{5B204CC0-A877-4388-B2C1-7F5E69242305}.Debug|Win32.ActiveCfg = Debug|Win32
		{5B204CC0-A877-4388-B2C1-7F5E69242305}.Debug|Win32.Build.0 = Debug|Win32
		{5B204CC0-A877-4388-B2C1-7F5E69242305}.Release|Win32.ActiveCfg = Release|Win32
		{5B204CC0-A877-4388-B2C1-7F5E69242305}.Release|Win32.Build.0 = Release|Win32
		{C8E97297-8D2C-4252-A11E-B936E2D40F2D}.Debug|Win32.ActiveCfg = Debug|Win32
		{C8E97297-8D2C-4252-A11E-B936E2D40F2D}.Debug|Win32.Build.0 = Debug|Win32
		{C8E97297-8D2C-4252-A11E-B936E2D40F2D}.Release|Win32.ActiveCfg = Release|Win32
		{C8E97297-8D2C-4252-A11E-B936E2D40F2D}.Release|Win32.Build.0 = Release|Win32
		{E898EAA7-F30C-46D1-A12A-5DD41F285046}.Debug|Win32.ActiveCfg = Debug|Win32
		{E898EAA7-F30C-46D1-A12A-5DD41F285046}.Debug|Win32.Build.0 = Debug|Win32
		{E898EAA7-F30C-46D1-A12A-5DD41F285046}.Release|Win32.ActiveCfg = Release|Win32
		{E898EAA7-F30C-46D1-A12A-5DD41F285046}.Release|Win32.Build.0 = Release|Win32
		{E42AA766-6DE0-4EC8-B673-9984A3DE64D5}.Debug|Win32.ActiveCfg = Debug|Win32
		{E42AA766-6DE0-4EC8-B673-9984A3DE64D5}.Debug|Win32.Build.0 = Debug|Win32
		{E42AA766-6DE0-4EC8-B673-9984A3DE64D5}.Release|Win32.ActiveCfg = Release|Win32
		{E42AA766-6DE0-4EC8-B673-9984A3DE64D5}.Release|Win32.Build.0 = Release|Win32
	EndGlobalSection
	GlobalSection(SolutionProperties) = preSolution
		HideSolutionNode = FALSE
	EndGlobalSection
	GlobalSection(ExtensibilityGlobals) = postSolution
		AMDCaPersistentConfig = Debug|Win32
		AMDCaPersistentStartup = MapEditor
		AMDCaProjectFile = C:\Games\Develop\My Programms\RRR3d\CodeAnalyst\RRR3d.caw
	EndGlobalSection
EndGlobal
